
Microsoft Visual Studio Solution File, Format Version 12.00
# Visual Studio Version 17
VisualStudioVersion = 17.6.33829.357
MinimumVisualStudioVersion = 10.0.40219.1
Project("{FAE04EC0-301F-11D3-BF4B-00C04F79EFBC}") = "CarInfoUK", "CarInfoUK.csproj", "{CAE623EE-74E0-436B-AC0E-312600603E7E}"
EndProject
Global
	GlobalSection(SolutionConfigurationPlatforms) = preSolution
		Debug|Any CPU = Debug|Any CPU
		Release|Any CPU = Release|Any CPU
	EndGlobalSection
	GlobalSection(ProjectConfigurationPlatforms) = postSolution
		{CAE623EE-74E0-436B-AC0E-312600603E7E}.Debug|Any CPU.ActiveCfg = Debug|Any CPU
		{CAE623EE-74E0-436B-AC0E-312600603E7E}.Debug|Any CPU.Build.0 = Debug|Any CPU
		{CAE623EE-74E0-436B-AC0E-312600603E7E}.Release|Any CPU.ActiveCfg = Release|Any CPU
		{CAE623EE-74E0-436B-AC0E-312600603E7E}.Release|Any CPU.Build.0 = Release|Any CPU
	EndGlobalSection
	GlobalSection(SolutionProperties) = preSolution
		HideSolutionNode = FALSE
	EndGlobalSection
	GlobalSection(ExtensibilityGlobals) = postSolution
		SolutionGuid = {CDABD453-8965-45BA-95FF-388D85DEDF23}
	EndGlobalSection
EndGlobal
